
Microsoft Visual Studio Solution File, Format Version 12.00
# Visual Studio 15
VisualStudioVersion = 15.0.28307.645
MinimumVisualStudioVersion = 10.0.40219.1
Project("{9A19103F-16F7-4668-BE54-9A1E7A4F7556}") = "HorrorOfBindings", "HorrorOfBindings\HorrorOfBindings.csproj", "{0DEEFC1E-B2EA-441C-A4AD-52EF8BBE5A1B}"
EndProject
Project("{9A19103F-16F7-4668-BE54-9A1E7A4F7556}") = "Common", "Minor\MinorEngine\Common\Common.csproj", "{EE53E951-79AE-49F0-BF5F-14920A346FAE}"
EndProject
Project("{9A19103F-16F7-4668-BE54-9A1E7A4F7556}") = "Engine", "Minor\MinorEngine\Engine\Engine.csproj", "{F7A8BC4E-84CB-4E67-AFEB-48035309F0AE}"
EndProject
Project("{FAE04EC0-301F-11D3-BF4B-00C04F79EFBC}") = "FPSGame", "FPSGame\FPSGame.csproj", "{923A3374-A185-4FD4-A0FB-5CAEAEE02498}"
EndProject
Global
	GlobalSection(SolutionConfigurationPlatforms) = preSolution
		Debug_Trace|Any CPU = Debug_Trace|Any CPU
		Debug|Any CPU = Debug|Any CPU
		Release_CollectLogs|Any CPU = Release_CollectLogs|Any CPU
		Release_Trace|Any CPU = Release_Trace|Any CPU
		Release_TravisTest|Any CPU = Release_TravisTest|Any CPU
		Release|Any CPU = Release|Any CPU
	EndGlobalSection
	GlobalSection(ProjectConfigurationPlatforms) = postSolution
		{0DEEFC1E-B2EA-441C-A4AD-52EF8BBE5A1B}.Debug_Trace|Any CPU.ActiveCfg = Debug_Trace|Any CPU
		{0DEEFC1E-B2EA-441C-A4AD-52EF8BBE5A1B}.Debug_Trace|Any CPU.Build.0 = Debug_Trace|Any CPU
		{0DEEFC1E-B2EA-441C-A4AD-52EF8BBE5A1B}.Debug|Any CPU.ActiveCfg = Debug|Any CPU
		{0DEEFC1E-B2EA-441C-A4AD-52EF8BBE5A1B}.Debug|Any CPU.Build.0 = Debug|Any CPU
		{0DEEFC1E-B2EA-441C-A4AD-52EF8BBE5A1B}.Release_CollectLogs|Any CPU.ActiveCfg = Release_CollectLogs|Any CPU
		{0DEEFC1E-B2EA-441C-A4AD-52EF8BBE5A1B}.Release_CollectLogs|Any CPU.Build.0 = Release_CollectLogs|Any CPU
		{0DEEFC1E-B2EA-441C-A4AD-52EF8BBE5A1B}.Release_Trace|Any CPU.ActiveCfg = Release_Trace|Any CPU
		{0DEEFC1E-B2EA-441C-A4AD-52EF8BBE5A1B}.Release_Trace|Any CPU.Build.0 = Release_Trace|Any CPU
		{0DEEFC1E-B2EA-441C-A4AD-52EF8BBE5A1B}.Release_TravisTest|Any CPU.ActiveCfg = Release_TravisTest|Any CPU
		{0DEEFC1E-B2EA-441C-A4AD-52EF8BBE5A1B}.Release_TravisTest|Any CPU.Build.0 = Release_TravisTest|Any CPU
		{0DEEFC1E-B2EA-441C-A4AD-52EF8BBE5A1B}.Release|Any CPU.ActiveCfg = Release|Any CPU
		{0DEEFC1E-B2EA-441C-A4AD-52EF8BBE5A1B}.Release|Any CPU.Build.0 = Release|Any CPU
		{EE53E951-79AE-49F0-BF5F-14920A346FAE}.Debug_Trace|Any CPU.ActiveCfg = Debug_Trace|Any CPU
		{EE53E951-79AE-49F0-BF5F-14920A346FAE}.Debug_Trace|Any CPU.Build.0 = Debug_Trace|Any CPU
		{EE53E951-79AE-49F0-BF5F-14920A346FAE}.Debug|Any CPU.ActiveCfg = Debug|Any CPU
		{EE53E951-79AE-49F0-BF5F-14920A346FAE}.Debug|Any CPU.Build.0 = Debug|Any CPU
		{EE53E951-79AE-49F0-BF5F-14920A346FAE}.Release_CollectLogs|Any CPU.ActiveCfg = Release_CollectLogs|Any CPU
		{EE53E951-79AE-49F0-BF5F-14920A346FAE}.Release_CollectLogs|Any CPU.Build.0 = Release_CollectLogs|Any CPU
		{EE53E951-79AE-49F0-BF5F-14920A346FAE}.Release_Trace|Any CPU.ActiveCfg = Release_Trace|Any CPU
		{EE53E951-79AE-49F0-BF5F-14920A346FAE}.Release_Trace|Any CPU.Build.0 = Release_Trace|Any CPU
		{EE53E951-79AE-49F0-BF5F-14920A346FAE}.Release_TravisTest|Any CPU.ActiveCfg = Release_TravisTest|Any CPU
		{EE53E951-79AE-49F0-BF5F-14920A346FAE}.Release_TravisTest|Any CPU.Build.0 = Release_TravisTest|Any CPU
		{EE53E951-79AE-49F0-BF5F-14920A346FAE}.Release|Any CPU.ActiveCfg = Release|Any CPU
		{EE53E951-79AE-49F0-BF5F-14920A346FAE}.Release|Any CPU.Build.0 = Release|Any CPU
		{F7A8BC4E-84CB-4E67-AFEB-48035309F0AE}.Debug_Trace|Any CPU.ActiveCfg = Debug|Any CPU
		{F7A8BC4E-84CB-4E67-AFEB-48035309F0AE}.Debug_Trace|Any CPU.Build.0 = Debug|Any CPU
		{F7A8BC4E-84CB-4E67-AFEB-48035309F0AE}.Debug|Any CPU.ActiveCfg = Debug|Any CPU
		{F7A8BC4E-84CB-4E67-AFEB-48035309F0AE}.Debug|Any CPU.Build.0 = Debug|Any CPU
		{F7A8BC4E-84CB-4E67-AFEB-48035309F0AE}.Release_CollectLogs|Any CPU.ActiveCfg = Release|Any CPU
		{F7A8BC4E-84CB-4E67-AFEB-48035309F0AE}.Release_CollectLogs|Any CPU.Build.0 = Release|Any CPU
		{F7A8BC4E-84CB-4E67-AFEB-48035309F0AE}.Release_Trace|Any CPU.ActiveCfg = Release|Any CPU
		{F7A8BC4E-84CB-4E67-AFEB-48035309F0AE}.Release_Trace|Any CPU.Build.0 = Release|Any CPU
		{F7A8BC4E-84CB-4E67-AFEB-48035309F0AE}.Release_TravisTest|Any CPU.ActiveCfg = Release|Any CPU
		{F7A8BC4E-84CB-4E67-AFEB-48035309F0AE}.Release_TravisTest|Any CPU.Build.0 = Release|Any CPU
		{F7A8BC4E-84CB-4E67-AFEB-48035309F0AE}.Release|Any CPU.ActiveCfg = Release|Any CPU
		{F7A8BC4E-84CB-4E67-AFEB-48035309F0AE}.Release|Any CPU.Build.0 = Release|Any CPU
		{923A3374-A185-4FD4-A0FB-5CAEAEE02498}.Debug_Trace|Any CPU.ActiveCfg = Debug|Any CPU
		{923A3374-A185-4FD4-A0FB-5CAEAEE02498}.Debug_Trace|Any CPU.Build.0 = Debug|Any CPU
		{923A3374-A185-4FD4-A0FB-5CAEAEE02498}.Debug|Any CPU.ActiveCfg = Debug|Any CPU
		{923A3374-A185-4FD4-A0FB-5CAEAEE02498}.Debug|Any CPU.Build.0 = Debug|Any CPU
		{923A3374-A185-4FD4-A0FB-5CAEAEE02498}.Release_CollectLogs|Any CPU.ActiveCfg = Release|Any CPU
		{923A3374-A185-4FD4-A0FB-5CAEAEE02498}.Release_CollectLogs|Any CPU.Build.0 = Release|Any CPU
		{923A3374-A185-4FD4-A0FB-5CAEAEE02498}.Release_Trace|Any CPU.ActiveCfg = Release|Any CPU
		{923A3374-A185-4FD4-A0FB-5CAEAEE02498}.Release_Trace|Any CPU.Build.0 = Release|Any CPU
		{923A3374-A185-4FD4-A0FB-5CAEAEE02498}.Release_TravisTest|Any CPU.ActiveCfg = Release|Any CPU
		{923A3374-A185-4FD4-A0FB-5CAEAEE02498}.Release_TravisTest|Any CPU.Build.0 = Release|Any CPU
		{923A3374-A185-4FD4-A0FB-5CAEAEE02498}.Release|Any CPU.ActiveCfg = Release|Any CPU
		{923A3374-A185-4FD4-A0FB-5CAEAEE02498}.Release|Any CPU.Build.0 = Release|Any CPU
	EndGlobalSection
	GlobalSection(SolutionProperties) = preSolution
		HideSolutionNode = FALSE
	EndGlobalSection
	GlobalSection(ExtensibilityGlobals) = postSolution
		SolutionGuid = {30A88EFD-5987-4592-B8FA-9C3F27F31813}
	EndGlobalSection
EndGlobal
